
Microsoft Visual Studio Solution File, Format Version 12.00
# Visual Studio Version 17
VisualStudioVersion = 17.13.35825.156 d17.13
MinimumVisualStudioVersion = 10.0.40219.1
Project("{FAE04EC0-301F-11D3-BF4B-00C04F79EFBC}") = "Kompozyt", "Kompozyt.csproj", "{B34681B8-6A50-4E5B-ACAA-539F30A41DA7}"
EndProject
Global
	GlobalSection(SolutionConfigurationPlatforms) = preSolution
		Debug|Any CPU = Debug|Any CPU
		Release|Any CPU = Release|Any CPU
	EndGlobalSection
	GlobalSection(ProjectConfigurationPlatforms) = postSolution
		{B34681B8-6A50-4E5B-ACAA-539F30A41DA7}.Debug|Any CPU.ActiveCfg = Debug|Any CPU
		{B34681B8-6A50-4E5B-ACAA-539F30A41DA7}.Debug|Any CPU.Build.0 = Debug|Any CPU
		{B34681B8-6A50-4E5B-ACAA-539F30A41DA7}.Release|Any CPU.ActiveCfg = Release|Any CPU
		{B34681B8-6A50-4E5B-ACAA-539F30A41DA7}.Release|Any CPU.Build.0 = Release|Any CPU
	EndGlobalSection
	GlobalSection(SolutionProperties) = preSolution
		HideSolutionNode = FALSE
	EndGlobalSection
	GlobalSection(ExtensibilityGlobals) = postSolution
		SolutionGuid = {6260B08A-7935-4689-9184-84754670AE21}
	EndGlobalSection
EndGlobal
