
Microsoft Visual Studio Solution File, Format Version 12.00
# Visual Studio Version 17
VisualStudioVersion = 17.13.35825.156 d17.13
MinimumVisualStudioVersion = 10.0.40219.1
Project("{FAE04EC0-301F-11D3-BF4B-00C04F79EFBC}") = "Dependency Injection", "Dependency Injection.csproj", "{7FF3BFB9-3B13-4CC6-BBF9-4594EEB15B8C}"
EndProject
Global
	GlobalSection(SolutionConfigurationPlatforms) = preSolution
		Debug|Any CPU = Debug|Any CPU
		Release|Any CPU = Release|Any CPU
	EndGlobalSection
	GlobalSection(ProjectConfigurationPlatforms) = postSolution
		{7FF3BFB9-3B13-4CC6-BBF9-4594EEB15B8C}.Debug|Any CPU.ActiveCfg = Debug|Any CPU
		{7FF3BFB9-3B13-4CC6-BBF9-4594EEB15B8C}.Debug|Any CPU.Build.0 = Debug|Any CPU
		{7FF3BFB9-3B13-4CC6-BBF9-4594EEB15B8C}.Release|Any CPU.ActiveCfg = Release|Any CPU
		{7FF3BFB9-3B13-4CC6-BBF9-4594EEB15B8C}.Release|Any CPU.Build.0 = Release|Any CPU
	EndGlobalSection
	GlobalSection(SolutionProperties) = preSolution
		HideSolutionNode = FALSE
	EndGlobalSection
	GlobalSection(ExtensibilityGlobals) = postSolution
		SolutionGuid = {D6100174-BF32-45E1-8F5B-81BE8E1C724B}
	EndGlobalSection
EndGlobal
