
Microsoft Visual Studio Solution File, Format Version 12.00
# Visual Studio Version 17
VisualStudioVersion = 17.13.35825.156 d17.13
MinimumVisualStudioVersion = 10.0.40219.1
Project("{FAE04EC0-301F-11D3-BF4B-00C04F79EFBC}") = "Prosta Fabryka", "Prosta Fabryka.csproj", "{54BD93A6-2407-4061-B192-20E5EC1E8224}"
EndProject
Global
	GlobalSection(SolutionConfigurationPlatforms) = preSolution
		Debug|Any CPU = Debug|Any CPU
		Release|Any CPU = Release|Any CPU
	EndGlobalSection
	GlobalSection(ProjectConfigurationPlatforms) = postSolution
		{54BD93A6-2407-4061-B192-20E5EC1E8224}.Debug|Any CPU.ActiveCfg = Debug|Any CPU
		{54BD93A6-2407-4061-B192-20E5EC1E8224}.Debug|Any CPU.Build.0 = Debug|Any CPU
		{54BD93A6-2407-4061-B192-20E5EC1E8224}.Release|Any CPU.ActiveCfg = Release|Any CPU
		{54BD93A6-2407-4061-B192-20E5EC1E8224}.Release|Any CPU.Build.0 = Release|Any CPU
	EndGlobalSection
	GlobalSection(SolutionProperties) = preSolution
		HideSolutionNode = FALSE
	EndGlobalSection
	GlobalSection(ExtensibilityGlobals) = postSolution
		SolutionGuid = {28BF5A63-0F59-49E5-9EA0-188C0F69E9A6}
	EndGlobalSection
EndGlobal
