
Microsoft Visual Studio Solution File, Format Version 12.00
# Visual Studio Version 17
VisualStudioVersion = 17.13.35825.156 d17.13
MinimumVisualStudioVersion = 10.0.40219.1
Project("{FAE04EC0-301F-11D3-BF4B-00C04F79EFBC}") = "Fabryka", "Fabryka.csproj", "{10E508D4-8B17-426D-84C8-9760A6B3A801}"
EndProject
Global
	GlobalSection(SolutionConfigurationPlatforms) = preSolution
		Debug|Any CPU = Debug|Any CPU
		Release|Any CPU = Release|Any CPU
	EndGlobalSection
	GlobalSection(ProjectConfigurationPlatforms) = postSolution
		{10E508D4-8B17-426D-84C8-9760A6B3A801}.Debug|Any CPU.ActiveCfg = Debug|Any CPU
		{10E508D4-8B17-426D-84C8-9760A6B3A801}.Debug|Any CPU.Build.0 = Debug|Any CPU
		{10E508D4-8B17-426D-84C8-9760A6B3A801}.Release|Any CPU.ActiveCfg = Release|Any CPU
		{10E508D4-8B17-426D-84C8-9760A6B3A801}.Release|Any CPU.Build.0 = Release|Any CPU
	EndGlobalSection
	GlobalSection(SolutionProperties) = preSolution
		HideSolutionNode = FALSE
	EndGlobalSection
	GlobalSection(ExtensibilityGlobals) = postSolution
		SolutionGuid = {6E5FA168-D5A2-44B8-AD01-7C5A74671150}
	EndGlobalSection
EndGlobal
